// !$*UTF8*$!
{
	archiveVersion = 1;
	classes = {
	};
	objectVersion = 48;
	objects = {

/* Begin PBXBuildFile section */
		3039919286712AB6094AEB9D /* Pods_Flicks.framework in Frameworks */ = {isa = PBXBuildFile; fileRef = A3B183EBAE9E3999FBE60A06 /* Pods_Flicks.framework */; };
		A45D3787E66A8DD24789B6B9 /* Pods_FlicksUITests.framework in Frameworks */ = {isa = PBXBuildFile; fileRef = C7460074BD3A5A52BF3CE952 /* Pods_FlicksUITests.framework */; };
		C4C526ED1F68CD010057A589 /* MovieTableViewCell.swift in Sources */ = {isa = PBXBuildFile; fileRef = C4C526EC1F68CD010057A589 /* MovieTableViewCell.swift */; };
		C4E3D4F11F688B1B004564C4 /* AppDelegate.swift in Sources */ = {isa = PBXBuildFile; fileRef = C4E3D4F01F688B1B004564C4 /* AppDelegate.swift */; };
		C4E3D4F31F688B1B004564C4 /* MovieListViewController.swift in Sources */ = {isa = PBXBuildFile; fileRef = C4E3D4F21F688B1B004564C4 /* MovieListViewController.swift */; };
		C4E3D4F61F688B1B004564C4 /* Main.storyboard in Resources */ = {isa = PBXBuildFile; fileRef = C4E3D4F41F688B1B004564C4 /* Main.storyboard */; };
		C4E3D4F81F688B1B004564C4 /* Assets.xcassets in Resources */ = {isa = PBXBuildFile; fileRef = C4E3D4F71F688B1B004564C4 /* Assets.xcassets */; };
		C4E3D4FB1F688B1B004564C4 /* LaunchScreen.storyboard in Resources */ = {isa = PBXBuildFile; fileRef = C4E3D4F91F688B1B004564C4 /* LaunchScreen.storyboard */; };
		C4E3D5061F688B1B004564C4 /* FlicksTests.swift in Sources */ = {isa = PBXBuildFile; fileRef = C4E3D5051F688B1B004564C4 /* FlicksTests.swift */; };
		C4E3D5111F688B1B004564C4 /* FlicksUITests.swift in Sources */ = {isa = PBXBuildFile; fileRef = C4E3D5101F688B1B004564C4 /* FlicksUITests.swift */; };
		EC9683BB4BDF54FEE779704C /* Pods_FlicksTests.framework in Frameworks */ = {isa = PBXBuildFile; fileRef = A784290FBD1C272BD4678BAF /* Pods_FlicksTests.framework */; };
/* End PBXBuildFile section */

/* Begin PBXContainerItemProxy section */
		C4E3D5021F688B1B004564C4 /* PBXContainerItemProxy */ = {
			isa = PBXContainerItemProxy;
			containerPortal = C4E3D4E51F688B1B004564C4 /* Project object */;
			proxyType = 1;
			remoteGlobalIDString = C4E3D4EC1F688B1B004564C4;
			remoteInfo = Flicks;
		};
		C4E3D50D1F688B1B004564C4 /* PBXContainerItemProxy */ = {
			isa = PBXContainerItemProxy;
			containerPortal = C4E3D4E51F688B1B004564C4 /* Project object */;
			proxyType = 1;
			remoteGlobalIDString = C4E3D4EC1F688B1B004564C4;
			remoteInfo = Flicks;
		};
/* End PBXContainerItemProxy section */

/* Begin PBXFileReference section */
		01CC527851239E6570FA75D4 /* Pods-FlicksTests.release.xcconfig */ = {isa = PBXFileReference; includeInIndex = 1; lastKnownFileType = text.xcconfig; name = "Pods-FlicksTests.release.xcconfig"; path = "Pods/Target Support Files/Pods-FlicksTests/Pods-FlicksTests.release.xcconfig"; sourceTree = "<group>"; };
		0B69C70D395FC433CE06FBE5 /* Pods-FlicksUITests.release.xcconfig */ = {isa = PBXFileReference; includeInIndex = 1; lastKnownFileType = text.xcconfig; name = "Pods-FlicksUITests.release.xcconfig"; path = "Pods/Target Support Files/Pods-FlicksUITests/Pods-FlicksUITests.release.xcconfig"; sourceTree = "<group>"; };
		675F71A64DCB94AE46A350E7 /* Pods-Flicks.release.xcconfig */ = {isa = PBXFileReference; includeInIndex = 1; lastKnownFileType = text.xcconfig; name = "Pods-Flicks.release.xcconfig"; path = "Pods/Target Support Files/Pods-Flicks/Pods-Flicks.release.xcconfig"; sourceTree = "<group>"; };
		6F596ECC9A628509D5FD324F /* Pods-Flicks.debug.xcconfig */ = {isa = PBXFileReference; includeInIndex = 1; lastKnownFileType = text.xcconfig; name = "Pods-Flicks.debug.xcconfig"; path = "Pods/Target Support Files/Pods-Flicks/Pods-Flicks.debug.xcconfig"; sourceTree = "<group>"; };
		A3B183EBAE9E3999FBE60A06 /* Pods_Flicks.framework */ = {isa = PBXFileReference; explicitFileType = wrapper.framework; includeInIndex = 0; path = Pods_Flicks.framework; sourceTree = BUILT_PRODUCTS_DIR; };
		A784290FBD1C272BD4678BAF /* Pods_FlicksTests.framework */ = {isa = PBXFileReference; explicitFileType = wrapper.framework; includeInIndex = 0; path = Pods_FlicksTests.framework; sourceTree = BUILT_PRODUCTS_DIR; };
		C4C526EC1F68CD010057A589 /* MovieTableViewCell.swift */ = {isa = PBXFileReference; lastKnownFileType = sourcecode.swift; path = MovieTableViewCell.swift; sourceTree = "<group>"; };
		C4E3D4ED1F688B1B004564C4 /* Flicks.app */ = {isa = PBXFileReference; explicitFileType = wrapper.application; includeInIndex = 0; path = Flicks.app; sourceTree = BUILT_PRODUCTS_DIR; };
		C4E3D4F01F688B1B004564C4 /* AppDelegate.swift */ = {isa = PBXFileReference; lastKnownFileType = sourcecode.swift; path = AppDelegate.swift; sourceTree = "<group>"; };
		C4E3D4F21F688B1B004564C4 /* MovieListViewController.swift */ = {isa = PBXFileReference; lastKnownFileType = sourcecode.swift; path = MovieListViewController.swift; sourceTree = "<group>"; };
		C4E3D4F51F688B1B004564C4 /* Base */ = {isa = PBXFileReference; lastKnownFileType = file.storyboard; name = Base; path = Base.lproj/Main.storyboard; sourceTree = "<group>"; };
		C4E3D4F71F688B1B004564C4 /* Assets.xcassets */ = {isa = PBXFileReference; lastKnownFileType = folder.assetcatalog; path = Assets.xcassets; sourceTree = "<group>"; };
		C4E3D4FA1F688B1B004564C4 /* Base */ = {isa = PBXFileReference; lastKnownFileType = file.storyboard; name = Base; path = Base.lproj/LaunchScreen.storyboard; sourceTree = "<group>"; };
		C4E3D4FC1F688B1B004564C4 /* Info.plist */ = {isa = PBXFileReference; lastKnownFileType = text.plist.xml; path = Info.plist; sourceTree = "<group>"; };
		C4E3D5011F688B1B004564C4 /* FlicksTests.xctest */ = {isa = PBXFileReference; explicitFileType = wrapper.cfbundle; includeInIndex = 0; path = FlicksTests.xctest; sourceTree = BUILT_PRODUCTS_DIR; };
		C4E3D5051F688B1B004564C4 /* FlicksTests.swift */ = {isa = PBXFileReference; lastKnownFileType = sourcecode.swift; path = FlicksTests.swift; sourceTree = "<group>"; };
		C4E3D5071F688B1B004564C4 /* Info.plist */ = {isa = PBXFileReference; lastKnownFileType = text.plist.xml; path = Info.plist; sourceTree = "<group>"; };
		C4E3D50C1F688B1B004564C4 /* FlicksUITests.xctest */ = {isa = PBXFileReference; explicitFileType = wrapper.cfbundle; includeInIndex = 0; path = FlicksUITests.xctest; sourceTree = BUILT_PRODUCTS_DIR; };
		C4E3D5101F688B1B004564C4 /* FlicksUITests.swift */ = {isa = PBXFileReference; lastKnownFileType = sourcecode.swift; path = FlicksUITests.swift; sourceTree = "<group>"; };
		C4E3D5121F688B1B004564C4 /* Info.plist */ = {isa = PBXFileReference; lastKnownFileType = text.plist.xml; path = Info.plist; sourceTree = "<group>"; };
		C7460074BD3A5A52BF3CE952 /* Pods_FlicksUITests.framework */ = {isa = PBXFileReference; explicitFileType = wrapper.framework; includeInIndex = 0; path = Pods_FlicksUITests.framework; sourceTree = BUILT_PRODUCTS_DIR; };
		D9F6ACBE70F665EAF332C749 /* Pods-FlicksUITests.debug.xcconfig */ = {isa = PBXFileReference; includeInIndex = 1; lastKnownFileType = text.xcconfig; name = "Pods-FlicksUITests.debug.xcconfig"; path = "Pods/Target Support Files/Pods-FlicksUITests/Pods-FlicksUITests.debug.xcconfig"; sourceTree = "<group>"; };
		F74859DBA69831C1668B20A8 /* Pods-FlicksTests.debug.xcconfig */ = {isa = PBXFileReference; includeInIndex = 1; lastKnownFileType = text.xcconfig; name = "Pods-FlicksTests.debug.xcconfig"; path = "Pods/Target Support Files/Pods-FlicksTests/Pods-FlicksTests.debug.xcconfig"; sourceTree = "<group>"; };
/* End PBXFileReference section */

/* Begin PBXFrameworksBuildPhase section */
		C4E3D4EA1F688B1B004564C4 /* Frameworks */ = {
			isa = PBXFrameworksBuildPhase;
			buildActionMask = 2147483647;
			files = (
				3039919286712AB6094AEB9D /* Pods_Flicks.framework in Frameworks */,
			);
			runOnlyForDeploymentPostprocessing = 0;
		};
		C4E3D4FE1F688B1B004564C4 /* Frameworks */ = {
			isa = PBXFrameworksBuildPhase;
			buildActionMask = 2147483647;
			files = (
				EC9683BB4BDF54FEE779704C /* Pods_FlicksTests.framework in Frameworks */,
			);
			runOnlyForDeploymentPostprocessing = 0;
		};
		C4E3D5091F688B1B004564C4 /* Frameworks */ = {
			isa = PBXFrameworksBuildPhase;
			buildActionMask = 2147483647;
			files = (
				A45D3787E66A8DD24789B6B9 /* Pods_FlicksUITests.framework in Frameworks */,
			);
			runOnlyForDeploymentPostprocessing = 0;
		};
/* End PBXFrameworksBuildPhase section */

/* Begin PBXGroup section */
		17A59E1F12D936635C3E833A /* Frameworks */ = {
			isa = PBXGroup;
			children = (
				A3B183EBAE9E3999FBE60A06 /* Pods_Flicks.framework */,
				A784290FBD1C272BD4678BAF /* Pods_FlicksTests.framework */,
				C7460074BD3A5A52BF3CE952 /* Pods_FlicksUITests.framework */,
			);
			name = Frameworks;
			sourceTree = "<group>";
		};
		C4E3D4E41F688B1B004564C4 = {
			isa = PBXGroup;
			children = (
				C4E3D4EF1F688B1B004564C4 /* Flicks */,
				C4E3D5041F688B1B004564C4 /* FlicksTests */,
				C4E3D50F1F688B1B004564C4 /* FlicksUITests */,
				C4E3D4EE1F688B1B004564C4 /* Products */,
				E1F203FC99C4AE12902C13E1 /* Pods */,
				17A59E1F12D936635C3E833A /* Frameworks */,
			);
			sourceTree = "<group>";
		};
		C4E3D4EE1F688B1B004564C4 /* Products */ = {
			isa = PBXGroup;
			children = (
				C4E3D4ED1F688B1B004564C4 /* Flicks.app */,
				C4E3D5011F688B1B004564C4 /* FlicksTests.xctest */,
				C4E3D50C1F688B1B004564C4 /* FlicksUITests.xctest */,
			);
			name = Products;
			sourceTree = "<group>";
		};
		C4E3D4EF1F688B1B004564C4 /* Flicks */ = {
			isa = PBXGroup;
			children = (
				C4E3D4F01F688B1B004564C4 /* AppDelegate.swift */,
				C4E3D4F21F688B1B004564C4 /* MovieListViewController.swift */,
				C4E3D4F41F688B1B004564C4 /* Main.storyboard */,
				C4C526EC1F68CD010057A589 /* MovieTableViewCell.swift */,
				C4E3D4F71F688B1B004564C4 /* Assets.xcassets */,
				C4E3D4F91F688B1B004564C4 /* LaunchScreen.storyboard */,
				C4E3D4FC1F688B1B004564C4 /* Info.plist */,
			);
			path = Flicks;
			sourceTree = "<group>";
		};
		C4E3D5041F688B1B004564C4 /* FlicksTests */ = {
			isa = PBXGroup;
			children = (
				C4E3D5051F688B1B004564C4 /* FlicksTests.swift */,
				C4E3D5071F688B1B004564C4 /* Info.plist */,
			);
			path = FlicksTests;
			sourceTree = "<group>";
		};
		C4E3D50F1F688B1B004564C4 /* FlicksUITests */ = {
			isa = PBXGroup;
			children = (
				C4E3D5101F688B1B004564C4 /* FlicksUITests.swift */,
				C4E3D5121F688B1B004564C4 /* Info.plist */,
			);
			path = FlicksUITests;
			sourceTree = "<group>";
		};
		E1F203FC99C4AE12902C13E1 /* Pods */ = {
			isa = PBXGroup;
			children = (
				6F596ECC9A628509D5FD324F /* Pods-Flicks.debug.xcconfig */,
				675F71A64DCB94AE46A350E7 /* Pods-Flicks.release.xcconfig */,
				F74859DBA69831C1668B20A8 /* Pods-FlicksTests.debug.xcconfig */,
				01CC527851239E6570FA75D4 /* Pods-FlicksTests.release.xcconfig */,
				D9F6ACBE70F665EAF332C749 /* Pods-FlicksUITests.debug.xcconfig */,
				0B69C70D395FC433CE06FBE5 /* Pods-FlicksUITests.release.xcconfig */,
			);
			name = Pods;
			sourceTree = "<group>";
		};
/* End PBXGroup section */

/* Begin PBXNativeTarget section */
		C4E3D4EC1F688B1B004564C4 /* Flicks */ = {
			isa = PBXNativeTarget;
			buildConfigurationList = C4E3D5151F688B1B004564C4 /* Build configuration list for PBXNativeTarget "Flicks" */;
			buildPhases = (
				456DF5B37DEFEDC32E33D97F /* [CP] Check Pods Manifest.lock */,
				C4E3D4E91F688B1B004564C4 /* Sources */,
				C4E3D4EA1F688B1B004564C4 /* Frameworks */,
				C4E3D4EB1F688B1B004564C4 /* Resources */,
				ABCA5A96CA0DFCD34E35EC02 /* [CP] Embed Pods Frameworks */,
				A719050443DB93BAB85713CE /* [CP] Copy Pods Resources */,
			);
			buildRules = (
			);
			dependencies = (
			);
			name = Flicks;
			productName = Flicks;
			productReference = C4E3D4ED1F688B1B004564C4 /* Flicks.app */;
			productType = "com.apple.product-type.application";
		};
		C4E3D5001F688B1B004564C4 /* FlicksTests */ = {
			isa = PBXNativeTarget;
			buildConfigurationList = C4E3D5181F688B1B004564C4 /* Build configuration list for PBXNativeTarget "FlicksTests" */;
			buildPhases = (
				B2F5A4C493701DDACF292A6A /* [CP] Check Pods Manifest.lock */,
				C4E3D4FD1F688B1B004564C4 /* Sources */,
				C4E3D4FE1F688B1B004564C4 /* Frameworks */,
				C4E3D4FF1F688B1B004564C4 /* Resources */,
				68321672378ECA023A47F5D4 /* [CP] Embed Pods Frameworks */,
				D529DD382327028A5AE1BA47 /* [CP] Copy Pods Resources */,
			);
			buildRules = (
			);
			dependencies = (
				C4E3D5031F688B1B004564C4 /* PBXTargetDependency */,
			);
			name = FlicksTests;
			productName = FlicksTests;
			productReference = C4E3D5011F688B1B004564C4 /* FlicksTests.xctest */;
			productType = "com.apple.product-type.bundle.unit-test";
		};
		C4E3D50B1F688B1B004564C4 /* FlicksUITests */ = {
			isa = PBXNativeTarget;
			buildConfigurationList = C4E3D51B1F688B1B004564C4 /* Build configuration list for PBXNativeTarget "FlicksUITests" */;
			buildPhases = (
				68ED2A347F7E5973474E3C04 /* [CP] Check Pods Manifest.lock */,
				C4E3D5081F688B1B004564C4 /* Sources */,
				C4E3D5091F688B1B004564C4 /* Frameworks */,
				C4E3D50A1F688B1B004564C4 /* Resources */,
				A79906D696F63EAFFC8E4BB2 /* [CP] Embed Pods Frameworks */,
				F3C889E45AE23A73DE044EBB /* [CP] Copy Pods Resources */,
			);
			buildRules = (
			);
			dependencies = (
				C4E3D50E1F688B1B004564C4 /* PBXTargetDependency */,
			);
			name = FlicksUITests;
			productName = FlicksUITests;
			productReference = C4E3D50C1F688B1B004564C4 /* FlicksUITests.xctest */;
			productType = "com.apple.product-type.bundle.ui-testing";
		};
/* End PBXNativeTarget section */

/* Begin PBXProject section */
		C4E3D4E51F688B1B004564C4 /* Project object */ = {
			isa = PBXProject;
			attributes = {
				LastSwiftUpdateCheck = 0900;
				LastUpgradeCheck = 0900;
				ORGANIZATIONNAME = "Oscar Bonilla";
				TargetAttributes = {
					C4E3D4EC1F688B1B004564C4 = {
						CreatedOnToolsVersion = 9.0;
						ProvisioningStyle = Automatic;
					};
					C4E3D5001F688B1B004564C4 = {
						CreatedOnToolsVersion = 9.0;
						ProvisioningStyle = Automatic;
						TestTargetID = C4E3D4EC1F688B1B004564C4;
					};
					C4E3D50B1F688B1B004564C4 = {
						CreatedOnToolsVersion = 9.0;
						ProvisioningStyle = Automatic;
						TestTargetID = C4E3D4EC1F688B1B004564C4;
					};
				};
			};
			buildConfigurationList = C4E3D4E81F688B1B004564C4 /* Build configuration list for PBXProject "Flicks" */;
			compatibilityVersion = "Xcode 8.0";
			developmentRegion = en;
			hasScannedForEncodings = 0;
			knownRegions = (
				en,
				Base,
			);
			mainGroup = C4E3D4E41F688B1B004564C4;
			productRefGroup = C4E3D4EE1F688B1B004564C4 /* Products */;
			projectDirPath = "";
			projectRoot = "";
			targets = (
				C4E3D4EC1F688B1B004564C4 /* Flicks */,
				C4E3D5001F688B1B004564C4 /* FlicksTests */,
				C4E3D50B1F688B1B004564C4 /* FlicksUITests */,
			);
		};
/* End PBXProject section */

/* Begin PBXResourcesBuildPhase section */
		C4E3D4EB1F688B1B004564C4 /* Resources */ = {
			isa = PBXResourcesBuildPhase;
			buildActionMask = 2147483647;
			files = (
				C4E3D4FB1F688B1B004564C4 /* LaunchScreen.storyboard in Resources */,
				C4E3D4F81F688B1B004564C4 /* Assets.xcassets in Resources */,
				C4E3D4F61F688B1B004564C4 /* Main.storyboard in Resources */,
			);
			runOnlyForDeploymentPostprocessing = 0;
		};
		C4E3D4FF1F688B1B004564C4 /* Resources */ = {
			isa = PBXResourcesBuildPhase;
			buildActionMask = 2147483647;
			files = (
			);
			runOnlyForDeploymentPostprocessing = 0;
		};
		C4E3D50A1F688B1B004564C4 /* Resources */ = {
			isa = PBXResourcesBuildPhase;
			buildActionMask = 2147483647;
			files = (
			);
			runOnlyForDeploymentPostprocessing = 0;
		};
/* End PBXResourcesBuildPhase section */

/* Begin PBXShellScriptBuildPhase section */
		456DF5B37DEFEDC32E33D97F /* [CP] Check Pods Manifest.lock */ = {
			isa = PBXShellScriptBuildPhase;
			buildActionMask = 2147483647;
			files = (
			);
			inputPaths = (
				"${PODS_PODFILE_DIR_PATH}/Podfile.lock",
				"${PODS_ROOT}/Manifest.lock",
			);
			name = "[CP] Check Pods Manifest.lock";
			outputPaths = (
				"$(DERIVED_FILE_DIR)/Pods-Flicks-checkManifestLockResult.txt",
			);
			runOnlyForDeploymentPostprocessing = 0;
			shellPath = /bin/sh;
			shellScript = "diff \"${PODS_PODFILE_DIR_PATH}/Podfile.lock\" \"${PODS_ROOT}/Manifest.lock\" > /dev/null\nif [ $? != 0 ] ; then\n    # print error to STDERR\n    echo \"error: The sandbox is not in sync with the Podfile.lock. Run 'pod install' or update your CocoaPods installation.\" >&2\n    exit 1\nfi\n# This output is used by Xcode 'outputs' to avoid re-running this script phase.\necho \"SUCCESS\" > \"${SCRIPT_OUTPUT_FILE_0}\"\n";
			showEnvVarsInLog = 0;
		};
		68321672378ECA023A47F5D4 /* [CP] Embed Pods Frameworks */ = {
			isa = PBXShellScriptBuildPhase;
			buildActionMask = 2147483647;
			files = (
			);
			inputPaths = (
			);
			name = "[CP] Embed Pods Frameworks";
			outputPaths = (
			);
			runOnlyForDeploymentPostprocessing = 0;
			shellPath = /bin/sh;
			shellScript = "\"${SRCROOT}/Pods/Target Support Files/Pods-FlicksTests/Pods-FlicksTests-frameworks.sh\"\n";
			showEnvVarsInLog = 0;
		};
		68ED2A347F7E5973474E3C04 /* [CP] Check Pods Manifest.lock */ = {
			isa = PBXShellScriptBuildPhase;
			buildActionMask = 2147483647;
			files = (
			);
			inputPaths = (
				"${PODS_PODFILE_DIR_PATH}/Podfile.lock",
				"${PODS_ROOT}/Manifest.lock",
			);
			name = "[CP] Check Pods Manifest.lock";
			outputPaths = (
				"$(DERIVED_FILE_DIR)/Pods-FlicksUITests-checkManifestLockResult.txt",
			);
			runOnlyForDeploymentPostprocessing = 0;
			shellPath = /bin/sh;
			shellScript = "diff \"${PODS_PODFILE_DIR_PATH}/Podfile.lock\" \"${PODS_ROOT}/Manifest.lock\" > /dev/null\nif [ $? != 0 ] ; then\n    # print error to STDERR\n    echo \"error: The sandbox is not in sync with the Podfile.lock. Run 'pod install' or update your CocoaPods installation.\" >&2\n    exit 1\nfi\n# This output is used by Xcode 'outputs' to avoid re-running this script phase.\necho \"SUCCESS\" > \"${SCRIPT_OUTPUT_FILE_0}\"\n";
			showEnvVarsInLog = 0;
		};
		A719050443DB93BAB85713CE /* [CP] Copy Pods Resources */ = {
			isa = PBXShellScriptBuildPhase;
			buildActionMask = 2147483647;
			files = (
			);
			inputPaths = (
			);
			name = "[CP] Copy Pods Resources";
			outputPaths = (
			);
			runOnlyForDeploymentPostprocessing = 0;
			shellPath = /bin/sh;
			shellScript = "\"${SRCROOT}/Pods/Target Support Files/Pods-Flicks/Pods-Flicks-resources.sh\"\n";
			showEnvVarsInLog = 0;
		};
		A79906D696F63EAFFC8E4BB2 /* [CP] Embed Pods Frameworks */ = {
			isa = PBXShellScriptBuildPhase;
			buildActionMask = 2147483647;
			files = (
			);
			inputPaths = (
			);
			name = "[CP] Embed Pods Frameworks";
			outputPaths = (
			);
			runOnlyForDeploymentPostprocessing = 0;
			shellPath = /bin/sh;
			shellScript = "\"${SRCROOT}/Pods/Target Support Files/Pods-FlicksUITests/Pods-FlicksUITests-frameworks.sh\"\n";
			showEnvVarsInLog = 0;
		};
		ABCA5A96CA0DFCD34E35EC02 /* [CP] Embed Pods Frameworks */ = {
			isa = PBXShellScriptBuildPhase;
			buildActionMask = 2147483647;
			files = (
			);
			inputPaths = (
				"${SRCROOT}/Pods/Target Support Files/Pods-Flicks/Pods-Flicks-frameworks.sh",
				"${BUILT_PRODUCTS_DIR}/AFNetworking/AFNetworking.framework",
			);
			name = "[CP] Embed Pods Frameworks";
			outputPaths = (
				"${TARGET_BUILD_DIR}/${FRAMEWORKS_FOLDER_PATH}/AFNetworking.framework",
			);
			runOnlyForDeploymentPostprocessing = 0;
			shellPath = /bin/sh;
			shellScript = "\"${SRCROOT}/Pods/Target Support Files/Pods-Flicks/Pods-Flicks-frameworks.sh\"\n";
			showEnvVarsInLog = 0;
		};
		B2F5A4C493701DDACF292A6A /* [CP] Check Pods Manifest.lock */ = {
			isa = PBXShellScriptBuildPhase;
			buildActionMask = 2147483647;
			files = (
			);
			inputPaths = (
				"${PODS_PODFILE_DIR_PATH}/Podfile.lock",
				"${PODS_ROOT}/Manifest.lock",
			);
			name = "[CP] Check Pods Manifest.lock";
			outputPaths = (
				"$(DERIVED_FILE_DIR)/Pods-FlicksTests-checkManifestLockResult.txt",
			);
			runOnlyForDeploymentPostprocessing = 0;
			shellPath = /bin/sh;
			shellScript = "diff \"${PODS_PODFILE_DIR_PATH}/Podfile.lock\" \"${PODS_ROOT}/Manifest.lock\" > /dev/null\nif [ $? != 0 ] ; then\n    # print error to STDERR\n    echo \"error: The sandbox is not in sync with the Podfile.lock. Run 'pod install' or update your CocoaPods installation.\" >&2\n    exit 1\nfi\n# This output is used by Xcode 'outputs' to avoid re-running this script phase.\necho \"SUCCESS\" > \"${SCRIPT_OUTPUT_FILE_0}\"\n";
			showEnvVarsInLog = 0;
		};
		D529DD382327028A5AE1BA47 /* [CP] Copy Pods Resources */ = {
			isa = PBXShellScriptBuildPhase;
			buildActionMask = 2147483647;
			files = (
			);
			inputPaths = (
			);
			name = "[CP] Copy Pods Resources";
			outputPaths = (
			);
			runOnlyForDeploymentPostprocessing = 0;
			shellPath = /bin/sh;
			shellScript = "\"${SRCROOT}/Pods/Target Support Files/Pods-FlicksTests/Pods-FlicksTests-resources.sh\"\n";
			showEnvVarsInLog = 0;
		};
		F3C889E45AE23A73DE044EBB /* [CP] Copy Pods Resources */ = {
			isa = PBXShellScriptBuildPhase;
			buildActionMask = 2147483647;
			files = (
			);
			inputPaths = (
			);
			name = "[CP] Copy Pods Resources";
			outputPaths = (
			);
			runOnlyForDeploymentPostprocessing = 0;
			shellPath = /bin/sh;
			shellScript = "\"${SRCROOT}/Pods/Target Support Files/Pods-FlicksUITests/Pods-FlicksUITests-resources.sh\"\n";
			showEnvVarsInLog = 0;
		};
/* End PBXShellScriptBuildPhase section */

/* Begin PBXSourcesBuildPhase section */
		C4E3D4E91F688B1B004564C4 /* Sources */ = {
			isa = PBXSourcesBuildPhase;
			buildActionMask = 2147483647;
			files = (
				C4E3D4F31F688B1B004564C4 /* MovieListViewController.swift in Sources */,
				C4E3D4F11F688B1B004564C4 /* AppDelegate.swift in Sources */,
				C4C526ED1F68CD010057A589 /* MovieTableViewCell.swift in Sources */,
			);
			runOnlyForDeploymentPostprocessing = 0;
		};
		C4E3D4FD1F688B1B004564C4 /* Sources */ = {
			isa = PBXSourcesBuildPhase;
			buildActionMask = 2147483647;
			files = (
				C4E3D5061F688B1B004564C4 /* FlicksTests.swift in Sources */,
			);
			runOnlyForDeploymentPostprocessing = 0;
		};
		C4E3D5081F688B1B004564C4 /* Sources */ = {
			isa = PBXSourcesBuildPhase;
			buildActionMask = 2147483647;
			files = (
				C4E3D5111F688B1B004564C4 /* FlicksUITests.swift in Sources */,
			);
			runOnlyForDeploymentPostprocessing = 0;
		};
/* End PBXSourcesBuildPhase section */

/* Begin PBXTargetDependency section */
		C4E3D5031F688B1B004564C4 /* PBXTargetDependency */ = {
			isa = PBXTargetDependency;
			target = C4E3D4EC1F688B1B004564C4 /* Flicks */;
			targetProxy = C4E3D5021F688B1B004564C4 /* PBXContainerItemProxy */;
		};
		C4E3D50E1F688B1B004564C4 /* PBXTargetDependency */ = {
			isa = PBXTargetDependency;
			target = C4E3D4EC1F688B1B004564C4 /* Flicks */;
			targetProxy = C4E3D50D1F688B1B004564C4 /* PBXContainerItemProxy */;
		};
/* End PBXTargetDependency section */

/* Begin PBXVariantGroup section */
		C4E3D4F41F688B1B004564C4 /* Main.storyboard */ = {
			isa = PBXVariantGroup;
			children = (
				C4E3D4F51F688B1B004564C4 /* Base */,
			);
			name = Main.storyboard;
			sourceTree = "<group>";
		};
		C4E3D4F91F688B1B004564C4 /* LaunchScreen.storyboard */ = {
			isa = PBXVariantGroup;
			children = (
				C4E3D4FA1F688B1B004564C4 /* Base */,
			);
			name = LaunchScreen.storyboard;
			sourceTree = "<group>";
		};
/* End PBXVariantGroup section */

/* Begin XCBuildConfiguration section */
		C4E3D5131F688B1B004564C4 /* Debug */ = {
			isa = XCBuildConfiguration;
			buildSettings = {
				ALWAYS_SEARCH_USER_PATHS = NO;
				CLANG_ANALYZER_NONNULL = YES;
				CLANG_ANALYZER_NUMBER_OBJECT_CONVERSION = YES_AGGRESSIVE;
				CLANG_CXX_LANGUAGE_STANDARD = "gnu++14";
				CLANG_CXX_LIBRARY = "libc++";
				CLANG_ENABLE_MODULES = YES;
				CLANG_ENABLE_OBJC_ARC = YES;
				CLANG_WARN_BLOCK_CAPTURE_AUTORELEASING = YES;
				CLANG_WARN_BOOL_CONVERSION = YES;
				CLANG_WARN_COMMA = YES;
				CLANG_WARN_CONSTANT_CONVERSION = YES;
				CLANG_WARN_DIRECT_OBJC_ISA_USAGE = YES_ERROR;
				CLANG_WARN_DOCUMENTATION_COMMENTS = YES;
				CLANG_WARN_EMPTY_BODY = YES;
				CLANG_WARN_ENUM_CONVERSION = YES;
				CLANG_WARN_INFINITE_RECURSION = YES;
				CLANG_WARN_INT_CONVERSION = YES;
				CLANG_WARN_NON_LITERAL_NULL_CONVERSION = YES;
				CLANG_WARN_OBJC_LITERAL_CONVERSION = YES;
				CLANG_WARN_OBJC_ROOT_CLASS = YES_ERROR;
				CLANG_WARN_RANGE_LOOP_ANALYSIS = YES;
				CLANG_WARN_STRICT_PROTOTYPES = YES;
				CLANG_WARN_SUSPICIOUS_MOVE = YES;
				CLANG_WARN_UNGUARDED_AVAILABILITY = YES_AGGRESSIVE;
				CLANG_WARN_UNREACHABLE_CODE = YES;
				CLANG_WARN__DUPLICATE_METHOD_MATCH = YES;
				CODE_SIGN_IDENTITY = "iPhone Developer";
				COPY_PHASE_STRIP = NO;
				DEBUG_INFORMATION_FORMAT = dwarf;
				ENABLE_STRICT_OBJC_MSGSEND = YES;
				ENABLE_TESTABILITY = YES;
				GCC_C_LANGUAGE_STANDARD = gnu11;
				GCC_DYNAMIC_NO_PIC = NO;
				GCC_NO_COMMON_BLOCKS = YES;
				GCC_OPTIMIZATION_LEVEL = 0;
				GCC_PREPROCESSOR_DEFINITIONS = (
					"DEBUG=1",
					"$(inherited)",
				);
				GCC_WARN_64_TO_32_BIT_CONVERSION = YES;
				GCC_WARN_ABOUT_RETURN_TYPE = YES_ERROR;
				GCC_WARN_UNDECLARED_SELECTOR = YES;
				GCC_WARN_UNINITIALIZED_AUTOS = YES_AGGRESSIVE;
				GCC_WARN_UNUSED_FUNCTION = YES;
				GCC_WARN_UNUSED_VARIABLE = YES;
				IPHONEOS_DEPLOYMENT_TARGET = 11.0;
				MTL_ENABLE_DEBUG_INFO = YES;
				ONLY_ACTIVE_ARCH = YES;
				SDKROOT = iphoneos;
				SWIFT_ACTIVE_COMPILATION_CONDITIONS = DEBUG;
				SWIFT_OPTIMIZATION_LEVEL = "-Onone";
			};
			name = Debug;
		};
		C4E3D5141F688B1B004564C4 /* Release */ = {
			isa = XCBuildConfiguration;
			buildSettings = {
				ALWAYS_SEARCH_USER_PATHS = NO;
				CLANG_ANALYZER_NONNULL = YES;
				CLANG_ANALYZER_NUMBER_OBJECT_CONVERSION = YES_AGGRESSIVE;
				CLANG_CXX_LANGUAGE_STANDARD = "gnu++14";
				CLANG_CXX_LIBRARY = "libc++";
				CLANG_ENABLE_MODULES = YES;
				CLANG_ENABLE_OBJC_ARC = YES;
				CLANG_WARN_BLOCK_CAPTURE_AUTORELEASING = YES;
				CLANG_WARN_BOOL_CONVERSION = YES;
				CLANG_WARN_COMMA = YES;
				CLANG_WARN_CONSTANT_CONVERSION = YES;
				CLANG_WARN_DIRECT_OBJC_ISA_USAGE = YES_ERROR;
				CLANG_WARN_DOCUMENTATION_COMMENTS = YES;
				CLANG_WARN_EMPTY_BODY = YES;
				CLANG_WARN_ENUM_CONVERSION = YES;
				CLANG_WARN_INFINITE_RECURSION = YES;
				CLANG_WARN_INT_CONVERSION = YES;
				CLANG_WARN_NON_LITERAL_NULL_CONVERSION = YES;
				CLANG_WARN_OBJC_LITERAL_CONVERSION = YES;
				CLANG_WARN_OBJC_ROOT_CLASS = YES_ERROR;
				CLANG_WARN_RANGE_LOOP_ANALYSIS = YES;
				CLANG_WARN_STRICT_PROTOTYPES = YES;
				CLANG_WARN_SUSPICIOUS_MOVE = YES;
				CLANG_WARN_UNGUARDED_AVAILABILITY = YES_AGGRESSIVE;
				CLANG_WARN_UNREACHABLE_CODE = YES;
				CLANG_WARN__DUPLICATE_METHOD_MATCH = YES;
				CODE_SIGN_IDENTITY = "iPhone Developer";
				COPY_PHASE_STRIP = NO;
				DEBUG_INFORMATION_FORMAT = "dwarf-with-dsym";
				ENABLE_NS_ASSERTIONS = NO;
				ENABLE_STRICT_OBJC_MSGSEND = YES;
				GCC_C_LANGUAGE_STANDARD = gnu11;
				GCC_NO_COMMON_BLOCKS = YES;
				GCC_WARN_64_TO_32_BIT_CONVERSION = YES;
				GCC_WARN_ABOUT_RETURN_TYPE = YES_ERROR;
				GCC_WARN_UNDECLARED_SELECTOR = YES;
				GCC_WARN_UNINITIALIZED_AUTOS = YES_AGGRESSIVE;
				GCC_WARN_UNUSED_FUNCTION = YES;
				GCC_WARN_UNUSED_VARIABLE = YES;
				IPHONEOS_DEPLOYMENT_TARGET = 11.0;
				MTL_ENABLE_DEBUG_INFO = NO;
				SDKROOT = iphoneos;
				SWIFT_OPTIMIZATION_LEVEL = "-Owholemodule";
				VALIDATE_PRODUCT = YES;
			};
			name = Release;
		};
		C4E3D5161F688B1B004564C4 /* Debug */ = {
			isa = XCBuildConfiguration;
			baseConfigurationReference = 6F596ECC9A628509D5FD324F /* Pods-Flicks.debug.xcconfig */;
			buildSettings = {
				ASSETCATALOG_COMPILER_APPICON_NAME = AppIcon;
				CODE_SIGN_STYLE = Automatic;
				INFOPLIST_FILE = Flicks/Info.plist;
				LD_RUNPATH_SEARCH_PATHS = "$(inherited) @executable_path/Frameworks";
				PRODUCT_BUNDLE_IDENTIFIER = net.bonillas.Flicks;
				PRODUCT_NAME = "$(TARGET_NAME)";
				SWIFT_VERSION = 4.0;
				TARGETED_DEVICE_FAMILY = "1,2";
			};
			name = Debug;
		};
		C4E3D5171F688B1B004564C4 /* Release */ = {
			isa = XCBuildConfiguration;
			baseConfigurationReference = 675F71A64DCB94AE46A350E7 /* Pods-Flicks.release.xcconfig */;
			buildSettings = {
				ASSETCATALOG_COMPILER_APPICON_NAME = AppIcon;
				CODE_SIGN_STYLE = Automatic;
				INFOPLIST_FILE = Flicks/Info.plist;
				LD_RUNPATH_SEARCH_PATHS = "$(inherited) @executable_path/Frameworks";
				PRODUCT_BUNDLE_IDENTIFIER = net.bonillas.Flicks;
				PRODUCT_NAME = "$(TARGET_NAME)";
				SWIFT_VERSION = 4.0;
				TARGETED_DEVICE_FAMILY = "1,2";
			};
			name = Release;
		};
		C4E3D5191F688B1B004564C4 /* Debug */ = {
			isa = XCBuildConfiguration;
			baseConfigurationReference = F74859DBA69831C1668B20A8 /* Pods-FlicksTests.debug.xcconfig */;
			buildSettings = {
				ALWAYS_EMBED_SWIFT_STANDARD_LIBRARIES = YES;
				BUNDLE_LOADER = "$(TEST_HOST)";
				CODE_SIGN_STYLE = Automatic;
				INFOPLIST_FILE = FlicksTests/Info.plist;
				LD_RUNPATH_SEARCH_PATHS = "$(inherited) @executable_path/Frameworks @loader_path/Frameworks";
				PRODUCT_BUNDLE_IDENTIFIER = net.bonillas.FlicksTests;
				PRODUCT_NAME = "$(TARGET_NAME)";
				SWIFT_VERSION = 4.0;
				TARGETED_DEVICE_FAMILY = "1,2";
				TEST_HOST = "$(BUILT_PRODUCTS_DIR)/Flicks.app/Flicks";
			};
			name = Debug;
		};
		C4E3D51A1F688B1B004564C4 /* Release */ = {
			isa = XCBuildConfiguration;
			baseConfigurationReference = 01CC527851239E6570FA75D4 /* Pods-FlicksTests.release.xcconfig */;
			buildSettings = {
				ALWAYS_EMBED_SWIFT_STANDARD_LIBRARIES = YES;
				BUNDLE_LOADER = "$(TEST_HOST)";
				CODE_SIGN_STYLE = Automatic;
				INFOPLIST_FILE = FlicksTests/Info.plist;
				LD_RUNPATH_SEARCH_PATHS = "$(inherited) @executable_path/Frameworks @loader_path/Frameworks";
				PRODUCT_BUNDLE_IDENTIFIER = net.bonillas.FlicksTests;
				PRODUCT_NAME = "$(TARGET_NAME)";
				SWIFT_VERSION = 4.0;
				TARGETED_DEVICE_FAMILY = "1,2";
				TEST_HOST = "$(BUILT_PRODUCTS_DIR)/Flicks.app/Flicks";
			};
			name = Release;
		};
		C4E3D51C1F688B1B004564C4 /* Debug */ = {
			isa = XCBuildConfiguration;
			baseConfigurationReference = D9F6ACBE70F665EAF332C749 /* Pods-FlicksUITests.debug.xcconfig */;
			buildSettings = {
				ALWAYS_EMBED_SWIFT_STANDARD_LIBRARIES = YES;
				CODE_SIGN_STYLE = Automatic;
				INFOPLIST_FILE = FlicksUITests/Info.plist;
				LD_RUNPATH_SEARCH_PATHS = "$(inherited) @executable_path/Frameworks @loader_path/Frameworks";
				PRODUCT_BUNDLE_IDENTIFIER = net.bonillas.FlicksUITests;
				PRODUCT_NAME = "$(TARGET_NAME)";
				SWIFT_VERSION = 4.0;
				TARGETED_DEVICE_FAMILY = "1,2";
				TEST_TARGET_NAME = Flicks;
			};
			name = Debug;
		};
		C4E3D51D1F688B1B004564C4 /* Release */ = {
			isa = XCBuildConfiguration;
			baseConfigurationReference = 0B69C70D395FC433CE06FBE5 /* Pods-FlicksUITests.release.xcconfig */;
			buildSettings = {
				ALWAYS_EMBED_SWIFT_STANDARD_LIBRARIES = YES;
				CODE_SIGN_STYLE = Automatic;
				INFOPLIST_FILE = FlicksUITests/Info.plist;
				LD_RUNPATH_SEARCH_PATHS = "$(inherited) @executable_path/Frameworks @loader_path/Frameworks";
				PRODUCT_BUNDLE_IDENTIFIER = net.bonillas.FlicksUITests;
				PRODUCT_NAME = "$(TARGET_NAME)";
				SWIFT_VERSION = 4.0;
				TARGETED_DEVICE_FAMILY = "1,2";
				TEST_TARGET_NAME = Flicks;
			};
			name = Release;
		};
/* End XCBuildConfiguration section */

/* Begin XCConfigurationList section */
		C4E3D4E81F688B1B004564C4 /* Build configuration list for PBXProject "Flicks" */ = {
			isa = XCConfigurationList;
			buildConfigurations = (
				C4E3D5131F688B1B004564C4 /* Debug */,
				C4E3D5141F688B1B004564C4 /* Release */,
			);
			defaultConfigurationIsVisible = 0;
			defaultConfigurationName = Release;
		};
		C4E3D5151F688B1B004564C4 /* Build configuration list for PBXNativeTarget "Flicks" */ = {
			isa = XCConfigurationList;
			buildConfigurations = (
				C4E3D5161F688B1B004564C4 /* Debug */,
				C4E3D5171F688B1B004564C4 /* Release */,
			);
			defaultConfigurationIsVisible = 0;
			defaultConfigurationName = Release;
		};
		C4E3D5181F688B1B004564C4 /* Build configuration list for PBXNativeTarget "FlicksTests" */ = {
			isa = XCConfigurationList;
			buildConfigurations = (
				C4E3D5191F688B1B004564C4 /* Debug */,
				C4E3D51A1F688B1B004564C4 /* Release */,
			);
			defaultConfigurationIsVisible = 0;
			defaultConfigurationName = Release;
		};
		C4E3D51B1F688B1B004564C4 /* Build configuration list for PBXNativeTarget "FlicksUITests" */ = {
			isa = XCConfigurationList;
			buildConfigurations = (
				C4E3D51C1F688B1B004564C4 /* Debug */,
				C4E3D51D1F688B1B004564C4 /* Release */,
			);
			defaultConfigurationIsVisible = 0;
			defaultConfigurationName = Release;
		};
/* End XCConfigurationList section */
	};
	rootObject = C4E3D4E51F688B1B004564C4 /* Project object */;
}
